
Microsoft Visual Studio Solution File, Format Version 12.00
# Visual Studio Version 17
VisualStudioVersion = 17.0.31903.59
MinimumVisualStudioVersion = 10.0.40219.1
Project("{FAE04EC0-301F-11D3-BF4B-00C04F79EFBC}") = "Weather", "Weather\Weather.csproj", "{83FA050E-DA2B-4B2E-88E7-B6FDC4A2524A}"
EndProject
Project("{FAE04EC0-301F-11D3-BF4B-00C04F79EFBC}") = "WeatherData.Repo", "WeatherData.Repo\WeatherData.Repo.csproj", "{B4C04EED-CB4E-4740-A871-A4C119FDFE6F}"
EndProject
Project("{FAE04EC0-301F-11D3-BF4B-00C04F79EFBC}") = "WeatherData.Model", "WeatherData.Model\WeatherData.Model.csproj", "{F7C3EF2A-04FB-4051-89AD-0341036F6653}"
EndProject
Global
	GlobalSection(SolutionConfigurationPlatforms) = preSolution
		Debug|Any CPU = Debug|Any CPU
		Release|Any CPU = Release|Any CPU
	EndGlobalSection
	GlobalSection(SolutionProperties) = preSolution
		HideSolutionNode = FALSE
	EndGlobalSection
	GlobalSection(ProjectConfigurationPlatforms) = postSolution
		{83FA050E-DA2B-4B2E-88E7-B6FDC4A2524A}.Debug|Any CPU.ActiveCfg = Debug|Any CPU
		{83FA050E-DA2B-4B2E-88E7-B6FDC4A2524A}.Debug|Any CPU.Build.0 = Debug|Any CPU
		{83FA050E-DA2B-4B2E-88E7-B6FDC4A2524A}.Release|Any CPU.ActiveCfg = Release|Any CPU
		{83FA050E-DA2B-4B2E-88E7-B6FDC4A2524A}.Release|Any CPU.Build.0 = Release|Any CPU
		{B4C04EED-CB4E-4740-A871-A4C119FDFE6F}.Debug|Any CPU.ActiveCfg = Debug|Any CPU
		{B4C04EED-CB4E-4740-A871-A4C119FDFE6F}.Debug|Any CPU.Build.0 = Debug|Any CPU
		{B4C04EED-CB4E-4740-A871-A4C119FDFE6F}.Release|Any CPU.ActiveCfg = Release|Any CPU
		{B4C04EED-CB4E-4740-A871-A4C119FDFE6F}.Release|Any CPU.Build.0 = Release|Any CPU
		{F7C3EF2A-04FB-4051-89AD-0341036F6653}.Debug|Any CPU.ActiveCfg = Debug|Any CPU
		{F7C3EF2A-04FB-4051-89AD-0341036F6653}.Debug|Any CPU.Build.0 = Debug|Any CPU
		{F7C3EF2A-04FB-4051-89AD-0341036F6653}.Release|Any CPU.ActiveCfg = Release|Any CPU
		{F7C3EF2A-04FB-4051-89AD-0341036F6653}.Release|Any CPU.Build.0 = Release|Any CPU
	EndGlobalSection
EndGlobal
