
Microsoft Visual Studio Solution File, Format Version 12.00
# Visual Studio Version 17
VisualStudioVersion = 17.0.31903.59
MinimumVisualStudioVersion = 10.0.40219.1
Project("{FAE04EC0-301F-11D3-BF4B-00C04F79EFBC}") = "xUnitProject", "xUnitProject\xUnitProject.csproj", "{0982B56B-5864-4CDC-8DF6-3A11C720D007}"
EndProject
Project("{FAE04EC0-301F-11D3-BF4B-00C04F79EFBC}") = "xUnitProject.Tests", "xUnitProject.Tests\xUnitProject.Tests.csproj", "{BB1A31CA-7219-4AF3-A1FB-2224DC7D6732}"
EndProject
Global
	GlobalSection(SolutionConfigurationPlatforms) = preSolution
		Debug|Any CPU = Debug|Any CPU
		Release|Any CPU = Release|Any CPU
	EndGlobalSection
	GlobalSection(SolutionProperties) = preSolution
		HideSolutionNode = FALSE
	EndGlobalSection
	GlobalSection(ProjectConfigurationPlatforms) = postSolution
		{0982B56B-5864-4CDC-8DF6-3A11C720D007}.Debug|Any CPU.ActiveCfg = Debug|Any CPU
		{0982B56B-5864-4CDC-8DF6-3A11C720D007}.Debug|Any CPU.Build.0 = Debug|Any CPU
		{0982B56B-5864-4CDC-8DF6-3A11C720D007}.Release|Any CPU.ActiveCfg = Release|Any CPU
		{0982B56B-5864-4CDC-8DF6-3A11C720D007}.Release|Any CPU.Build.0 = Release|Any CPU
		{BB1A31CA-7219-4AF3-A1FB-2224DC7D6732}.Debug|Any CPU.ActiveCfg = Debug|Any CPU
		{BB1A31CA-7219-4AF3-A1FB-2224DC7D6732}.Debug|Any CPU.Build.0 = Debug|Any CPU
		{BB1A31CA-7219-4AF3-A1FB-2224DC7D6732}.Release|Any CPU.ActiveCfg = Release|Any CPU
		{BB1A31CA-7219-4AF3-A1FB-2224DC7D6732}.Release|Any CPU.Build.0 = Release|Any CPU
	EndGlobalSection
EndGlobal
